
Microsoft Visual Studio Solution File, Format Version 12.00
# Visual Studio Version 16
VisualStudioVersion = 16.0.28803.452
MinimumVisualStudioVersion = 10.0.40219.1
Project("{9A19103F-16F7-4668-BE54-9A1E7A4F7556}") = "MvcInMiddleware", "MiddlewareAction\MvcInMiddleware.csproj", "{0A07EA45-615F-4864-8D78-5AFF05579026}"
EndProject
Global
	GlobalSection(SolutionConfigurationPlatforms) = preSolution
		Debug|Any CPU = Debug|Any CPU
		Release|Any CPU = Release|Any CPU
	EndGlobalSection
	GlobalSection(ProjectConfigurationPlatforms) = postSolution
		{0A07EA45-615F-4864-8D78-5AFF05579026}.Debug|Any CPU.ActiveCfg = Debug|Any CPU
		{0A07EA45-615F-4864-8D78-5AFF05579026}.Debug|Any CPU.Build.0 = Debug|Any CPU
		{0A07EA45-615F-4864-8D78-5AFF05579026}.Release|Any CPU.ActiveCfg = Release|Any CPU
		{0A07EA45-615F-4864-8D78-5AFF05579026}.Release|Any CPU.Build.0 = Release|Any CPU
	EndGlobalSection
	GlobalSection(SolutionProperties) = preSolution
		HideSolutionNode = FALSE
	EndGlobalSection
	GlobalSection(ExtensibilityGlobals) = postSolution
		SolutionGuid = {114FEC61-E023-44E3-88EC-4F58DFA029A2}
	EndGlobalSection
EndGlobal
